{
  "name": "primitiv-applications",
  "lockfileVersion": 3,
  "requires": true,
  "packages": {
    "": {
      "name": "primitiv-applications",
      "dependencies": {
        "@primitiv/engine": "0.20.0-nightly.20260221162128.b1a7269"
      }
    },
    "node_modules/.pnpm/@primitiv+core@0.20.0-nightly.20260221124732.9164462": {
      "extraneous": true
    },
    "node_modules/.pnpm/@primitiv+engine@0.20.0-nightly.20260221124732.9164462": {
      "extraneous": true
    },
    "node_modules/.pnpm/@primitiv+logger@0.20.0-nightly.20260221124732.9164462/node_modules/@primitiv/logger": {
      "version": "0.20.0-nightly.20260221124732.9164462",
      "extraneous": true,
      "license": "Apache-2.0",
      "devDependencies": {
        "typescript": "^5.6.3"
      },
      "engines": {
        "node": ">=18.0.0"
      }
    },
    "node_modules/.pnpm/@primitiv+types@0.20.0-nightly.20260221124732.9164462/node_modules/@primitiv/types": {
      "version": "0.20.0-nightly.20260221124732.9164462",
      "extraneous": true,
      "license": "Apache-2.0",
      "devDependencies": {
        "typescript": "^5.6.3"
      },
      "engines": {
        "node": ">=18.0.0"
      }
    },
    "node_modules/@primitiv/core": {
      "version": "0.20.0-nightly.20260221162128.b1a7269",
      "resolved": "https://registry.npmjs.org/@primitiv/core/-/core-0.20.0-nightly.20260221162128.b1a7269.tgz",
      "integrity": "sha512-4hY7mGeCKVmQgu7CLciO+HbL40yDq4/mVx5e2jBQdspfmk0aMRmG5hJS9DRa8ro0yA92ruOZEyGkfrDDcZHBrA==",
      "dependencies": {
        "@primitiv/logger": "0.20.0-nightly.20260221162128.b1a7269",
        "@primitiv/types": "0.20.0-nightly.20260221162128.b1a7269"
      },
      "engines": {
        "node": ">=18.0.0"
      }
    },
    "node_modules/@primitiv/engine": {
      "version": "0.20.0-nightly.20260221162128.b1a7269",
      "resolved": "https://registry.npmjs.org/@primitiv/engine/-/engine-0.20.0-nightly.20260221162128.b1a7269.tgz",
      "integrity": "sha512-EJ9SirbC9TMCbNMJLDG/+CNpizJGUQ62g5bRpI3NKasZYE5Je3fj9gKuy9tYIhTiKilKbc/1YP4vUYrE4xdZEw==",
      "dependencies": {
        "@primitiv/core": "0.20.0-nightly.20260221162128.b1a7269",
        "@primitiv/types": "0.20.0-nightly.20260221162128.b1a7269"
      },
      "engines": {
        "node": ">=18.0.0"
      }
    },
    "node_modules/@primitiv/logger": {
      "version": "0.20.0-nightly.20260221162128.b1a7269",
      "resolved": "https://registry.npmjs.org/@primitiv/logger/-/logger-0.20.0-nightly.20260221162128.b1a7269.tgz",
      "integrity": "sha512-mOnRb74L7hlVOQ2WBqqKsYbwkqnxnUoKR8eHtIB1o62V0q1497veS65ZKcS2Uz5WBzXQZ9FB3biJM0Mn3NCdgg==",
      "engines": {
        "node": ">=18.0.0"
      }
    },
    "node_modules/@primitiv/types": {
      "version": "0.20.0-nightly.20260221162128.b1a7269",
      "resolved": "https://registry.npmjs.org/@primitiv/types/-/types-0.20.0-nightly.20260221162128.b1a7269.tgz",
      "integrity": "sha512-nMjC41WVWsA+AZlvVk4z8F7GeJoStuoAncQGWQSwK31asFWMq21v7RXMVjbOVhGevLHWo7IV1C06APpTcPlD8w==",
      "engines": {
        "node": ">=18.0.0"
      }
    }
  }
}
