lockfileVersion: '9.0'

settings:
  autoInstallPeers: true
  excludeLinksFromLockfile: false

importers:

  .:
    dependencies:
      '@primitiv/engine':
        specifier: 0.20.0-nightly.20260228184910.c83cec1
        version: 0.20.0-nightly.20260228184910.c83cec1

packages:

  '@primitiv/core@0.20.0-nightly.20260228184910.c83cec1':
    resolution: {integrity: sha512-1nmHM0reU/0Zg6kwDNMA1LpVsEZ1ch7LIsKHzzIFfLFwKp1R0O1jwlPJRPzgzqV/dNTIb6z52xVEvYuE60Vl4Q==}
    engines: {node: '>=18.0.0'}

  '@primitiv/engine@0.20.0-nightly.20260228184910.c83cec1':
    resolution: {integrity: sha512-fumlUZqE8kbW8fxRbqZxXy4ru1W9ThXqwfp0IjU7vRKUVhRUFcN/7N/2T+6v3logP9aOo44SM1HqzurFLvSFJw==}
    engines: {node: '>=18.0.0'}

  '@primitiv/logger@0.20.0-nightly.20260228184910.c83cec1':
    resolution: {integrity: sha512-scLe0RQBK+rPO8H7BE2KX9FaKmPzWwYEFOelIrCWNkNl3LGsoHtSdXj+xb1Kh2GCJvEW+FQydNIrhRVH5DVR7g==}
    engines: {node: '>=18.0.0'}

  '@primitiv/types@0.20.0-nightly.20260228184910.c83cec1':
    resolution: {integrity: sha512-g9Eyj3CUNwBG4lOLceQwe9AYICYy6p11e4YLcRfpknw+TERLDQ39BB40xF6CsMrqPXRKXQaY5bbc9LHqIPiMZQ==}
    engines: {node: '>=18.0.0'}

snapshots:

  '@primitiv/core@0.20.0-nightly.20260228184910.c83cec1':
    dependencies:
      '@primitiv/logger': 0.20.0-nightly.20260228184910.c83cec1
      '@primitiv/types': 0.20.0-nightly.20260228184910.c83cec1

  '@primitiv/engine@0.20.0-nightly.20260228184910.c83cec1':
    dependencies:
      '@primitiv/core': 0.20.0-nightly.20260228184910.c83cec1
      '@primitiv/types': 0.20.0-nightly.20260228184910.c83cec1

  '@primitiv/logger@0.20.0-nightly.20260228184910.c83cec1': {}

  '@primitiv/types@0.20.0-nightly.20260228184910.c83cec1': {}
