lockfileVersion: '9.0'

settings:
  autoInstallPeers: true
  excludeLinksFromLockfile: false

importers:

  .:
    dependencies:
      '@primitiv/engine':
        specifier: 0.20.0-nightly.20260221223832.00cbe81
        version: 0.20.0-nightly.20260221223832.00cbe81

packages:

  '@primitiv/core@0.20.0-nightly.20260221223832.00cbe81':
    resolution: {integrity: sha512-zTtW6+bmL3NUVLheDWkpdVg5oEalpU31dlDtL/lj32HxCNUlRNAYxXpaqLPHwb20t7+lozwoIGy5UdtGpaWgjA==}
    engines: {node: '>=18.0.0'}

  '@primitiv/engine@0.20.0-nightly.20260221223832.00cbe81':
    resolution: {integrity: sha512-Fm4ywkamEIDU/fGbssB4mV1rCiaiia7Us4o0lkkiqD3ogzc2nTTDjJisJ7J5Hv5ap/4lFG/mAFnyAAesdybEEA==}
    engines: {node: '>=18.0.0'}

  '@primitiv/logger@0.20.0-nightly.20260221223832.00cbe81':
    resolution: {integrity: sha512-5r9xmuAuR3MO+96vDlK6oZZUuJ0i9Q2Gxof4DrE5Is8e6bmsDZ/1Ywv9ooDmh5KSsiNARN5/rDnMTxxSftsCgQ==}
    engines: {node: '>=18.0.0'}

  '@primitiv/types@0.20.0-nightly.20260221223832.00cbe81':
    resolution: {integrity: sha512-vnpIMPDLGSVNclm2+r+7ddwLKyf0rUEYVC4hxXsi49OjzpSX3GK5UrI7UjbJ8iqvCCJMV6UXrBNIHzppGwuJuw==}
    engines: {node: '>=18.0.0'}

snapshots:

  '@primitiv/core@0.20.0-nightly.20260221223832.00cbe81':
    dependencies:
      '@primitiv/logger': 0.20.0-nightly.20260221223832.00cbe81
      '@primitiv/types': 0.20.0-nightly.20260221223832.00cbe81

  '@primitiv/engine@0.20.0-nightly.20260221223832.00cbe81':
    dependencies:
      '@primitiv/core': 0.20.0-nightly.20260221223832.00cbe81
      '@primitiv/types': 0.20.0-nightly.20260221223832.00cbe81

  '@primitiv/logger@0.20.0-nightly.20260221223832.00cbe81': {}

  '@primitiv/types@0.20.0-nightly.20260221223832.00cbe81': {}
